
Microsoft Visual Studio Solution File, Format Version 12.00
# Visual Studio 15
VisualStudioVersion = 15.0.27703.2026
MinimumVisualStudioVersion = 10.0.40219.1
Project("{FAE04EC0-301F-11D3-BF4B-00C04F79EFBC}") = "弟弟学习器", "WindowsFormsApp2\弟弟学习器.csproj", "{06710316-21E6-4640-9972-AA533C205814}"
EndProject
Global
	GlobalSection(SolutionConfigurationPlatforms) = preSolution
		Debug|Any CPU = Debug|Any CPU
		Release|Any CPU = Release|Any CPU
	EndGlobalSection
	GlobalSection(ProjectConfigurationPlatforms) = postSolution
		{06710316-21E6-4640-9972-AA533C205814}.Debug|Any CPU.ActiveCfg = Debug|Any CPU
		{06710316-21E6-4640-9972-AA533C205814}.Debug|Any CPU.Build.0 = Debug|Any CPU
		{06710316-21E6-4640-9972-AA533C205814}.Release|Any CPU.ActiveCfg = Release|Any CPU
		{06710316-21E6-4640-9972-AA533C205814}.Release|Any CPU.Build.0 = Release|Any CPU
	EndGlobalSection
	GlobalSection(SolutionProperties) = preSolution
		HideSolutionNode = FALSE
	EndGlobalSection
	GlobalSection(ExtensibilityGlobals) = postSolution
		SolutionGuid = {AE8025BB-AA60-4DDE-9D1B-AA3B622577BE}
	EndGlobalSection
EndGlobal
